
Microsoft Visual Studio Solution File, Format Version 12.00
# Visual Studio Version 17
VisualStudioVersion = 17.9.34723.18
MinimumVisualStudioVersion = 10.0.40219.1
Project("{FAE04EC0-301F-11D3-BF4B-00C04F79EFBC}") = "ApplicantTracking.API", "ApplicantTracking.API.csproj", "{F78C2956-1029-4297-971B-6377458F2FB4}"
EndProject
Project("{FAE04EC0-301F-11D3-BF4B-00C04F79EFBC}") = "ApplicantTracking.Infrastructure", "..\ApplicantTracking.Infrastructure\ApplicantTracking.Infrastructure.csproj", "{47CB3C4D-185A-473B-91C6-B4B2CA19075D}"
EndProject
Project("{FAE04EC0-301F-11D3-BF4B-00C04F79EFBC}") = "ApplicantTracking.Domain", "..\ApplicantTracking.Domain\ApplicantTracking.Domain.csproj", "{C0C06285-E96C-4472-9130-5E7AA0520628}"
EndProject
Global
	GlobalSection(SolutionConfigurationPlatforms) = preSolution
		Debug|Any CPU = Debug|Any CPU
		Release|Any CPU = Release|Any CPU
	EndGlobalSection
	GlobalSection(ProjectConfigurationPlatforms) = postSolution
		{F78C2956-1029-4297-971B-6377458F2FB4}.Debug|Any CPU.ActiveCfg = Debug|Any CPU
		{F78C2956-1029-4297-971B-6377458F2FB4}.Debug|Any CPU.Build.0 = Debug|Any CPU
		{F78C2956-1029-4297-971B-6377458F2FB4}.Release|Any CPU.ActiveCfg = Release|Any CPU
		{F78C2956-1029-4297-971B-6377458F2FB4}.Release|Any CPU.Build.0 = Release|Any CPU
		{47CB3C4D-185A-473B-91C6-B4B2CA19075D}.Debug|Any CPU.ActiveCfg = Debug|Any CPU
		{47CB3C4D-185A-473B-91C6-B4B2CA19075D}.Debug|Any CPU.Build.0 = Debug|Any CPU
		{47CB3C4D-185A-473B-91C6-B4B2CA19075D}.Release|Any CPU.ActiveCfg = Release|Any CPU
		{47CB3C4D-185A-473B-91C6-B4B2CA19075D}.Release|Any CPU.Build.0 = Release|Any CPU
		{C0C06285-E96C-4472-9130-5E7AA0520628}.Debug|Any CPU.ActiveCfg = Debug|Any CPU
		{C0C06285-E96C-4472-9130-5E7AA0520628}.Debug|Any CPU.Build.0 = Debug|Any CPU
		{C0C06285-E96C-4472-9130-5E7AA0520628}.Release|Any CPU.ActiveCfg = Release|Any CPU
		{C0C06285-E96C-4472-9130-5E7AA0520628}.Release|Any CPU.Build.0 = Release|Any CPU
	EndGlobalSection
	GlobalSection(SolutionProperties) = preSolution
		HideSolutionNode = FALSE
	EndGlobalSection
	GlobalSection(ExtensibilityGlobals) = postSolution
		SolutionGuid = {F04811BF-2383-42E1-A81F-0FEE515C84AB}
	EndGlobalSection
EndGlobal
